<?xml version="1.0" encoding="utf-8"?>
<Project ToolsVersion="4.0" xmlns="http://schemas.microsoft.com/developer/msbuild/2003">
  <ItemGroup>
    <ClInclude Include="$(MSBuildThisFileDirectory)dolldbg\dolldbg.h" />
    <ClInclude Include="$(MSBuildThisFileDirectory)dolldbg\rpc\rpc.h" />
    <ClInclude Include="$(MSBuildThisFileDirectory)dolldbg\rpc\tcp.h" />
    <ClInclude Include="$(MSBuildThisFileDirectory)dolldbg\rpc\npipe.h" />
    <ClInclude Include="$(MSBuildThisFileDirectory)dolldbg\rpc\comm.h" />
    <ClInclude Include="$(MSBuildThisFileDirectory)dolldbg\rpc\exc.h" />
    <ClInclude Include="$(MSBuildThisFileDirectory)dolldbg\util\finally.h" />
    <ClInclude Include="$(MSBuildThisFileDirectory)dolldbg\util\htonx.h" />
    <ClInclude Include="$(MSBuildThisFileDirectory)dolldbg\util\overlapped.h" />
    <ClInclude Include="$(MSBuildThisFileDirectory)dolldbg\rpc\overlapped.h" />
    <ClInclude Include="$(MSBuildThisFileDirectory)dolldbg\util\slimevent.h" />
    <ClInclude Include="$(MSBuildThisFileDirectory)dolldbg\util\slimtls.h" />
    <ClInclude Include="$(MSBuildThisFileDirectory)dolldbg\util\syserr.h" />
    <ClInclude Include="$(MSBuildThisFileDirectory)dolldbg\util\tiostream.h" />
    <ClInclude Include="$(MSBuildThisFileDirectory)dolldbg\util\exc.h" />
    <ClInclude Include="$(MSBuildThisFileDirectory)dolldbg\util\singleton.h" />
    <ClInclude Include="$(MSBuildThisFileDirectory)dolldbg\util\ctctype.h" />
    <ClInclude Include="$(MSBuildThisFileDirectory)dolldbg\util\com.h" />
  </ItemGroup>
</Project>